
Microsoft Visual Studio Solution File, Format Version 12.00
# Visual Studio Version 17
VisualStudioVersion = 17.13.35931.197 d17.13
MinimumVisualStudioVersion = 10.0.40219.1
Project("{FAE04EC0-301F-11D3-BF4B-00C04F79EFBC}") = "M1_Imiron", "M1_Imiron\M1_Imiron.csproj", "{2F237E12-44A0-46A9-8EAE-EF22F46D57AB}"
EndProject
Project("{FAE04EC0-301F-11D3-BF4B-00C04F79EFBC}") = "Test", "Test\Test.csproj", "{56F8C0F3-085D-4702-8005-D7671A06813C}"
EndProject
Global
	GlobalSection(SolutionConfigurationPlatforms) = preSolution
		Debug|Any CPU = Debug|Any CPU
		Release|Any CPU = Release|Any CPU
	EndGlobalSection
	GlobalSection(ProjectConfigurationPlatforms) = postSolution
		{2F237E12-44A0-46A9-8EAE-EF22F46D57AB}.Debug|Any CPU.ActiveCfg = Debug|Any CPU
		{2F237E12-44A0-46A9-8EAE-EF22F46D57AB}.Debug|Any CPU.Build.0 = Debug|Any CPU
		{2F237E12-44A0-46A9-8EAE-EF22F46D57AB}.Release|Any CPU.ActiveCfg = Release|Any CPU
		{2F237E12-44A0-46A9-8EAE-EF22F46D57AB}.Release|Any CPU.Build.0 = Release|Any CPU
		{56F8C0F3-085D-4702-8005-D7671A06813C}.Debug|Any CPU.ActiveCfg = Debug|Any CPU
		{56F8C0F3-085D-4702-8005-D7671A06813C}.Debug|Any CPU.Build.0 = Debug|Any CPU
		{56F8C0F3-085D-4702-8005-D7671A06813C}.Release|Any CPU.ActiveCfg = Release|Any CPU
		{56F8C0F3-085D-4702-8005-D7671A06813C}.Release|Any CPU.Build.0 = Release|Any CPU
	EndGlobalSection
	GlobalSection(SolutionProperties) = preSolution
		HideSolutionNode = FALSE
	EndGlobalSection
	GlobalSection(ExtensibilityGlobals) = postSolution
		SolutionGuid = {A5446420-503A-4D66-947B-3FB974D7C2F7}
	EndGlobalSection
EndGlobal
